# This file is autogenerated, do not edit; changes may be undone by the next 'dep ensure'.


[[projects]]
  branch = "master"
  digest = "1:5cae041cb6df45a69e2952f9b48e8e026deba25923fcce025b8d11771680f5d4"
  name = "github.com/axamon/lemmatizer"
  packages = [
    ".",
    "dicts",
  ]
  pruneopts = "UT"
  revision = "8c4583fe23b2af0fedc590c7ebddab4dff92d913"

[[projects]]
  branch = "master"
  digest = "1:8cefca256f294fed7323c1fab1fe1acd27aa1af1d8c29550b7589aa0bcacf8cd"
  name = "github.com/axamon/stringset"
  packages = ["."]
  pruneopts = "UT"
  revision = "98a520d66227ede67b873dd1a0f25c2368f72e84"

[solve-meta]
  analyzer-name = "dep"
  analyzer-version = 1
  input-imports = [
    "github.com/axamon/lemmatizer",
    "github.com/axamon/stringset",
  ]
  solver-name = "gps-cdcl"
  solver-version = 1
